// !$*UTF8*$!
{
	archiveVersion = 1;
	classes = {
	};
	objectVersion = 46;
	objects = {

/* Begin PBXBuildFile section */
		F50860B915A0A8E300BC77E2 /* GPSAdPlayer.m in Sources */ = {isa = PBXBuildFile; fileRef = F50860B815A0A8E300BC77E2 /* GPSAdPlayer.m */; };
		F50860BC15A0A90500BC77E2 /* AVFoundation.framework in Frameworks */ = {isa = PBXBuildFile; fileRef = F50860BB15A0A90500BC77E2 /* AVFoundation.framework */; };
		F50860BE15A0A91000BC77E2 /* CoreLocation.framework in Frameworks */ = {isa = PBXBuildFile; fileRef = F50860BD15A0A91000BC77E2 /* CoreLocation.framework */; };
		F5B489F51555960D0090B430 /* UIKit.framework in Frameworks */ = {isa = PBXBuildFile; fileRef = F5B489F41555960D0090B430 /* UIKit.framework */; };
		F5B489F71555960D0090B430 /* Foundation.framework in Frameworks */ = {isa = PBXBuildFile; fileRef = F5B489F61555960D0090B430 /* Foundation.framework */; };
		F5B489F91555960D0090B430 /* CoreGraphics.framework in Frameworks */ = {isa = PBXBuildFile; fileRef = F5B489F81555960D0090B430 /* CoreGraphics.framework */; };
		F5B489FF1555960D0090B430 /* InfoPlist.strings in Resources */ = {isa = PBXBuildFile; fileRef = F5B489FD1555960D0090B430 /* InfoPlist.strings */; };
		F5B48A011555960D0090B430 /* main.m in Sources */ = {isa = PBXBuildFile; fileRef = F5B48A001555960D0090B430 /* main.m */; };
		F5B48A051555960D0090B430 /* CalculatorAppDelegate.m in Sources */ = {isa = PBXBuildFile; fileRef = F5B48A041555960D0090B430 /* CalculatorAppDelegate.m */; };
		F5B48A081555960D0090B430 /* MainStoryboard.storyboard in Resources */ = {isa = PBXBuildFile; fileRef = F5B48A061555960D0090B430 /* MainStoryboard.storyboard */; };
		F5B48A0B1555960D0090B430 /* CalculatorViewController.m in Sources */ = {isa = PBXBuildFile; fileRef = F5B48A0A1555960D0090B430 /* CalculatorViewController.m */; };
		F5B48A131555960D0090B430 /* SenTestingKit.framework in Frameworks */ = {isa = PBXBuildFile; fileRef = F5B48A121555960D0090B430 /* SenTestingKit.framework */; };
		F5B48A141555960D0090B430 /* UIKit.framework in Frameworks */ = {isa = PBXBuildFile; fileRef = F5B489F41555960D0090B430 /* UIKit.framework */; };
		F5B48A151555960D0090B430 /* Foundation.framework in Frameworks */ = {isa = PBXBuildFile; fileRef = F5B489F61555960D0090B430 /* Foundation.framework */; };
		F5B48A1D1555960D0090B430 /* InfoPlist.strings in Resources */ = {isa = PBXBuildFile; fileRef = F5B48A1B1555960D0090B430 /* InfoPlist.strings */; };
		F5B48A201555960D0090B430 /* CalculatorTests.m in Sources */ = {isa = PBXBuildFile; fileRef = F5B48A1F1555960D0090B430 /* CalculatorTests.m */; };
		F5B48A2B1555964F0090B430 /* CalculatorBrain.m in Sources */ = {isa = PBXBuildFile; fileRef = F5B48A2A1555964F0090B430 /* CalculatorBrain.m */; };
		F5B48A2E1555A87A0090B430 /* OperandStack.m in Sources */ = {isa = PBXBuildFile; fileRef = F5B48A2D1555A87A0090B430 /* OperandStack.m */; };
/* End PBXBuildFile section */

/* Begin PBXContainerItemProxy section */
		F5B48A161555960D0090B430 /* PBXContainerItemProxy */ = {
			isa = PBXContainerItemProxy;
			containerPortal = F5B489E71555960D0090B430 /* Project object */;
			proxyType = 1;
			remoteGlobalIDString = F5B489EF1555960D0090B430;
			remoteInfo = Calculator;
		};
/* End PBXContainerItemProxy section */

/* Begin PBXFileReference section */
		F50860B715A0A8E300BC77E2 /* GPSAdPlayer.h */ = {isa = PBXFileReference; fileEncoding = 4; lastKnownFileType = sourcecode.c.h; name = GPSAdPlayer.h; path = ../../Dropbox/Waleup/ios/GPSAdPlayer.h; sourceTree = "<group>"; };
		F50860B815A0A8E300BC77E2 /* GPSAdPlayer.m */ = {isa = PBXFileReference; fileEncoding = 4; lastKnownFileType = sourcecode.c.objc; name = GPSAdPlayer.m; path = ../../Dropbox/Waleup/ios/GPSAdPlayer.m; sourceTree = "<group>"; };
		F50860BB15A0A90500BC77E2 /* AVFoundation.framework */ = {isa = PBXFileReference; lastKnownFileType = wrapper.framework; name = AVFoundation.framework; path = System/Library/Frameworks/AVFoundation.framework; sourceTree = SDKROOT; };
		F50860BD15A0A91000BC77E2 /* CoreLocation.framework */ = {isa = PBXFileReference; lastKnownFileType = wrapper.framework; name = CoreLocation.framework; path = System/Library/Frameworks/CoreLocation.framework; sourceTree = SDKROOT; };
		F5B489F01555960D0090B430 /* Calculator.app */ = {isa = PBXFileReference; explicitFileType = wrapper.application; includeInIndex = 0; path = Calculator.app; sourceTree = BUILT_PRODUCTS_DIR; };
		F5B489F41555960D0090B430 /* UIKit.framework */ = {isa = PBXFileReference; lastKnownFileType = wrapper.framework; name = UIKit.framework; path = System/Library/Frameworks/UIKit.framework; sourceTree = SDKROOT; };
		F5B489F61555960D0090B430 /* Foundation.framework */ = {isa = PBXFileReference; lastKnownFileType = wrapper.framework; name = Foundation.framework; path = System/Library/Frameworks/Foundation.framework; sourceTree = SDKROOT; };
		F5B489F81555960D0090B430 /* CoreGraphics.framework */ = {isa = PBXFileReference; lastKnownFileType = wrapper.framework; name = CoreGraphics.framework; path = System/Library/Frameworks/CoreGraphics.framework; sourceTree = SDKROOT; };
		F5B489FC1555960D0090B430 /* Calculator-Info.plist */ = {isa = PBXFileReference; lastKnownFileType = text.plist.xml; path = "Calculator-Info.plist"; sourceTree = "<group>"; };
		F5B489FE1555960D0090B430 /* en */ = {isa = PBXFileReference; lastKnownFileType = text.plist.strings; name = en; path = en.lproj/InfoPlist.strings; sourceTree = "<group>"; };
		F5B48A001555960D0090B430 /* main.m */ = {isa = PBXFileReference; lastKnownFileType = sourcecode.c.objc; path = main.m; sourceTree = "<group>"; };
		F5B48A021555960D0090B430 /* Calculator-Prefix.pch */ = {isa = PBXFileReference; lastKnownFileType = sourcecode.c.h; path = "Calculator-Prefix.pch"; sourceTree = "<group>"; };
		F5B48A031555960D0090B430 /* CalculatorAppDelegate.h */ = {isa = PBXFileReference; lastKnownFileType = sourcecode.c.h; path = CalculatorAppDelegate.h; sourceTree = "<group>"; };
		F5B48A041555960D0090B430 /* CalculatorAppDelegate.m */ = {isa = PBXFileReference; lastKnownFileType = sourcecode.c.objc; path = CalculatorAppDelegate.m; sourceTree = "<group>"; };
		F5B48A071555960D0090B430 /* en */ = {isa = PBXFileReference; lastKnownFileType = file.storyboard; name = en; path = en.lproj/MainStoryboard.storyboard; sourceTree = "<group>"; };
		F5B48A091555960D0090B430 /* CalculatorViewController.h */ = {isa = PBXFileReference; lastKnownFileType = sourcecode.c.h; path = CalculatorViewController.h; sourceTree = "<group>"; };
		F5B48A0A1555960D0090B430 /* CalculatorViewController.m */ = {isa = PBXFileReference; lastKnownFileType = sourcecode.c.objc; path = CalculatorViewController.m; sourceTree = "<group>"; };
		F5B48A111555960D0090B430 /* CalculatorTests.octest */ = {isa = PBXFileReference; explicitFileType = wrapper.cfbundle; includeInIndex = 0; path = CalculatorTests.octest; sourceTree = BUILT_PRODUCTS_DIR; };
		F5B48A121555960D0090B430 /* SenTestingKit.framework */ = {isa = PBXFileReference; lastKnownFileType = wrapper.framework; name = SenTestingKit.framework; path = Library/Frameworks/SenTestingKit.framework; sourceTree = DEVELOPER_DIR; };
		F5B48A1A1555960D0090B430 /* CalculatorTests-Info.plist */ = {isa = PBXFileReference; lastKnownFileType = text.plist.xml; path = "CalculatorTests-Info.plist"; sourceTree = "<group>"; };
		F5B48A1C1555960D0090B430 /* en */ = {isa = PBXFileReference; lastKnownFileType = text.plist.strings; name = en; path = en.lproj/InfoPlist.strings; sourceTree = "<group>"; };
		F5B48A1E1555960D0090B430 /* CalculatorTests.h */ = {isa = PBXFileReference; lastKnownFileType = sourcecode.c.h; path = CalculatorTests.h; sourceTree = "<group>"; };
		F5B48A1F1555960D0090B430 /* CalculatorTests.m */ = {isa = PBXFileReference; lastKnownFileType = sourcecode.c.objc; path = CalculatorTests.m; sourceTree = "<group>"; };
		F5B48A291555964F0090B430 /* CalculatorBrain.h */ = {isa = PBXFileReference; fileEncoding = 4; lastKnownFileType = sourcecode.c.h; path = CalculatorBrain.h; sourceTree = "<group>"; };
		F5B48A2A1555964F0090B430 /* CalculatorBrain.m */ = {isa = PBXFileReference; fileEncoding = 4; lastKnownFileType = sourcecode.c.objc; path = CalculatorBrain.m; sourceTree = "<group>"; };
		F5B48A2C1555A87A0090B430 /* OperandStack.h */ = {isa = PBXFileReference; fileEncoding = 4; lastKnownFileType = sourcecode.c.h; path = OperandStack.h; sourceTree = "<group>"; };
		F5B48A2D1555A87A0090B430 /* OperandStack.m */ = {isa = PBXFileReference; fileEncoding = 4; lastKnownFileType = sourcecode.c.objc; path = OperandStack.m; sourceTree = "<group>"; };
/* End PBXFileReference section */

/* Begin PBXFrameworksBuildPhase section */
		F5B489ED1555960D0090B430 /* Frameworks */ = {
			isa = PBXFrameworksBuildPhase;
			buildActionMask = 2147483647;
			files = (
				F50860BE15A0A91000BC77E2 /* CoreLocation.framework in Frameworks */,
				F50860BC15A0A90500BC77E2 /* AVFoundation.framework in Frameworks */,
				F5B489F51555960D0090B430 /* UIKit.framework in Frameworks */,
				F5B489F71555960D0090B430 /* Foundation.framework in Frameworks */,
				F5B489F91555960D0090B430 /* CoreGraphics.framework in Frameworks */,
			);
			runOnlyForDeploymentPostprocessing = 0;
		};
		F5B48A0D1555960D0090B430 /* Frameworks */ = {
			isa = PBXFrameworksBuildPhase;
			buildActionMask = 2147483647;
			files = (
				F5B48A131555960D0090B430 /* SenTestingKit.framework in Frameworks */,
				F5B48A141555960D0090B430 /* UIKit.framework in Frameworks */,
				F5B48A151555960D0090B430 /* Foundation.framework in Frameworks */,
			);
			runOnlyForDeploymentPostprocessing = 0;
		};
/* End PBXFrameworksBuildPhase section */

/* Begin PBXGroup section */
		F50860B615A0A8E300BC77E2 /* ios */ = {
			isa = PBXGroup;
			children = (
			);
			name = ios;
			path = ../Dropbox/Waleup/ios;
			sourceTree = "<group>";
		};
		F5B489E51555960D0090B430 = {
			isa = PBXGroup;
			children = (
				F50860B615A0A8E300BC77E2 /* ios */,
				F5B489FA1555960D0090B430 /* Calculator */,
				F5B48A181555960D0090B430 /* CalculatorTests */,
				F5B489F31555960D0090B430 /* Frameworks */,
				F5B489F11555960D0090B430 /* Products */,
			);
			sourceTree = "<group>";
		};
		F5B489F11555960D0090B430 /* Products */ = {
			isa = PBXGroup;
			children = (
				F5B489F01555960D0090B430 /* Calculator.app */,
				F5B48A111555960D0090B430 /* CalculatorTests.octest */,
			);
			name = Products;
			sourceTree = "<group>";
		};
		F5B489F31555960D0090B430 /* Frameworks */ = {
			isa = PBXGroup;
			children = (
				F50860BD15A0A91000BC77E2 /* CoreLocation.framework */,
				F50860BB15A0A90500BC77E2 /* AVFoundation.framework */,
				F5B489F41555960D0090B430 /* UIKit.framework */,
				F5B489F61555960D0090B430 /* Foundation.framework */,
				F5B489F81555960D0090B430 /* CoreGraphics.framework */,
				F5B48A121555960D0090B430 /* SenTestingKit.framework */,
			);
			name = Frameworks;
			sourceTree = "<group>";
		};
		F5B489FA1555960D0090B430 /* Calculator */ = {
			isa = PBXGroup;
			children = (
				F50860B715A0A8E300BC77E2 /* GPSAdPlayer.h */,
				F50860B815A0A8E300BC77E2 /* GPSAdPlayer.m */,
				F5B48A291555964F0090B430 /* CalculatorBrain.h */,
				F5B48A2A1555964F0090B430 /* CalculatorBrain.m */,
				F5B48A031555960D0090B430 /* CalculatorAppDelegate.h */,
				F5B48A041555960D0090B430 /* CalculatorAppDelegate.m */,
				F5B48A061555960D0090B430 /* MainStoryboard.storyboard */,
				F5B48A091555960D0090B430 /* CalculatorViewController.h */,
				F5B48A0A1555960D0090B430 /* CalculatorViewController.m */,
				F5B489FB1555960D0090B430 /* Supporting Files */,
				F5B48A2C1555A87A0090B430 /* OperandStack.h */,
				F5B48A2D1555A87A0090B430 /* OperandStack.m */,
			);
			path = Calculator;
			sourceTree = "<group>";
		};
		F5B489FB1555960D0090B430 /* Supporting Files */ = {
			isa = PBXGroup;
			children = (
				F5B489FC1555960D0090B430 /* Calculator-Info.plist */,
				F5B489FD1555960D0090B430 /* InfoPlist.strings */,
				F5B48A001555960D0090B430 /* main.m */,
				F5B48A021555960D0090B430 /* Calculator-Prefix.pch */,
			);
			name = "Supporting Files";
			sourceTree = "<group>";
		};
		F5B48A181555960D0090B430 /* CalculatorTests */ = {
			isa = PBXGroup;
			children = (
				F5B48A1E1555960D0090B430 /* CalculatorTests.h */,
				F5B48A1F1555960D0090B430 /* CalculatorTests.m */,
				F5B48A191555960D0090B430 /* Supporting Files */,
			);
			path = CalculatorTests;
			sourceTree = "<group>";
		};
		F5B48A191555960D0090B430 /* Supporting Files */ = {
			isa = PBXGroup;
			children = (
				F5B48A1A1555960D0090B430 /* CalculatorTests-Info.plist */,
				F5B48A1B1555960D0090B430 /* InfoPlist.strings */,
			);
			name = "Supporting Files";
			sourceTree = "<group>";
		};
/* End PBXGroup section */

/* Begin PBXNativeTarget section */
		F5B489EF1555960D0090B430 /* Calculator */ = {
			isa = PBXNativeTarget;
			buildConfigurationList = F5B48A231555960D0090B430 /* Build configuration list for PBXNativeTarget "Calculator" */;
			buildPhases = (
				F5B489EC1555960D0090B430 /* Sources */,
				F5B489ED1555960D0090B430 /* Frameworks */,
				F5B489EE1555960D0090B430 /* Resources */,
			);
			buildRules = (
			);
			dependencies = (
			);
			name = Calculator;
			productName = Calculator;
			productReference = F5B489F01555960D0090B430 /* Calculator.app */;
			productType = "com.apple.product-type.application";
		};
		F5B48A101555960D0090B430 /* CalculatorTests */ = {
			isa = PBXNativeTarget;
			buildConfigurationList = F5B48A261555960D0090B430 /* Build configuration list for PBXNativeTarget "CalculatorTests" */;
			buildPhases = (
				F5B48A0C1555960D0090B430 /* Sources */,
				F5B48A0D1555960D0090B430 /* Frameworks */,
				F5B48A0E1555960D0090B430 /* Resources */,
				F5B48A0F1555960D0090B430 /* ShellScript */,
			);
			buildRules = (
			);
			dependencies = (
				F5B48A171555960D0090B430 /* PBXTargetDependency */,
			);
			name = CalculatorTests;
			productName = CalculatorTests;
			productReference = F5B48A111555960D0090B430 /* CalculatorTests.octest */;
			productType = "com.apple.product-type.bundle";
		};
/* End PBXNativeTarget section */

/* Begin PBXProject section */
		F5B489E71555960D0090B430 /* Project object */ = {
			isa = PBXProject;
			attributes = {
				LastUpgradeCheck = 0420;
			};
			buildConfigurationList = F5B489EA1555960D0090B430 /* Build configuration list for PBXProject "Calculator" */;
			compatibilityVersion = "Xcode 3.2";
			developmentRegion = English;
			hasScannedForEncodings = 0;
			knownRegions = (
				en,
			);
			mainGroup = F5B489E51555960D0090B430;
			productRefGroup = F5B489F11555960D0090B430 /* Products */;
			projectDirPath = "";
			projectRoot = "";
			targets = (
				F5B489EF1555960D0090B430 /* Calculator */,
				F5B48A101555960D0090B430 /* CalculatorTests */,
			);
		};
/* End PBXProject section */

/* Begin PBXResourcesBuildPhase section */
		F5B489EE1555960D0090B430 /* Resources */ = {
			isa = PBXResourcesBuildPhase;
			buildActionMask = 2147483647;
			files = (
				F5B489FF1555960D0090B430 /* InfoPlist.strings in Resources */,
				F5B48A081555960D0090B430 /* MainStoryboard.storyboard in Resources */,
			);
			runOnlyForDeploymentPostprocessing = 0;
		};
		F5B48A0E1555960D0090B430 /* Resources */ = {
			isa = PBXResourcesBuildPhase;
			buildActionMask = 2147483647;
			files = (
				F5B48A1D1555960D0090B430 /* InfoPlist.strings in Resources */,
			);
			runOnlyForDeploymentPostprocessing = 0;
		};
/* End PBXResourcesBuildPhase section */

/* Begin PBXShellScriptBuildPhase section */
		F5B48A0F1555960D0090B430 /* ShellScript */ = {
			isa = PBXShellScriptBuildPhase;
			buildActionMask = 2147483647;
			files = (
			);
			inputPaths = (
			);
			outputPaths = (
			);
			runOnlyForDeploymentPostprocessing = 0;
			shellPath = /bin/sh;
			shellScript = "# Run the unit tests in this test bundle.\n\"${SYSTEM_DEVELOPER_DIR}/Tools/RunUnitTests\"\n";
		};
/* End PBXShellScriptBuildPhase section */

/* Begin PBXSourcesBuildPhase section */
		F5B489EC1555960D0090B430 /* Sources */ = {
			isa = PBXSourcesBuildPhase;
			buildActionMask = 2147483647;
			files = (
				F5B48A011555960D0090B430 /* main.m in Sources */,
				F5B48A051555960D0090B430 /* CalculatorAppDelegate.m in Sources */,
				F5B48A0B1555960D0090B430 /* CalculatorViewController.m in Sources */,
				F5B48A2B1555964F0090B430 /* CalculatorBrain.m in Sources */,
				F5B48A2E1555A87A0090B430 /* OperandStack.m in Sources */,
				F50860B915A0A8E300BC77E2 /* GPSAdPlayer.m in Sources */,
			);
			runOnlyForDeploymentPostprocessing = 0;
		};
		F5B48A0C1555960D0090B430 /* Sources */ = {
			isa = PBXSourcesBuildPhase;
			buildActionMask = 2147483647;
			files = (
				F5B48A201555960D0090B430 /* CalculatorTests.m in Sources */,
			);
			runOnlyForDeploymentPostprocessing = 0;
		};
/* End PBXSourcesBuildPhase section */

/* Begin PBXTargetDependency section */
		F5B48A171555960D0090B430 /* PBXTargetDependency */ = {
			isa = PBXTargetDependency;
			target = F5B489EF1555960D0090B430 /* Calculator */;
			targetProxy = F5B48A161555960D0090B430 /* PBXContainerItemProxy */;
		};
/* End PBXTargetDependency section */

/* Begin PBXVariantGroup section */
		F5B489FD1555960D0090B430 /* InfoPlist.strings */ = {
			isa = PBXVariantGroup;
			children = (
				F5B489FE1555960D0090B430 /* en */,
			);
			name = InfoPlist.strings;
			sourceTree = "<group>";
		};
		F5B48A061555960D0090B430 /* MainStoryboard.storyboard */ = {
			isa = PBXVariantGroup;
			children = (
				F5B48A071555960D0090B430 /* en */,
			);
			name = MainStoryboard.storyboard;
			sourceTree = "<group>";
		};
		F5B48A1B1555960D0090B430 /* InfoPlist.strings */ = {
			isa = PBXVariantGroup;
			children = (
				F5B48A1C1555960D0090B430 /* en */,
			);
			name = InfoPlist.strings;
			sourceTree = "<group>";
		};
/* End PBXVariantGroup section */

/* Begin XCBuildConfiguration section */
		F5B48A211555960D0090B430 /* Debug */ = {
			isa = XCBuildConfiguration;
			buildSettings = {
				ALWAYS_SEARCH_USER_PATHS = NO;
				ARCHS = "$(ARCHS_STANDARD_32_BIT)";
				CLANG_ENABLE_OBJC_ARC = YES;
				"CODE_SIGN_IDENTITY[sdk=iphoneos*]" = "iPhone Developer";
				COPY_PHASE_STRIP = NO;
				GCC_C_LANGUAGE_STANDARD = gnu99;
				GCC_DYNAMIC_NO_PIC = NO;
				GCC_OPTIMIZATION_LEVEL = 0;
				GCC_PREPROCESSOR_DEFINITIONS = (
					"DEBUG=1",
					"$(inherited)",
				);
				GCC_SYMBOLS_PRIVATE_EXTERN = NO;
				GCC_VERSION = com.apple.compilers.llvm.clang.1_0;
				GCC_WARN_ABOUT_MISSING_PROTOTYPES = YES;
				GCC_WARN_ABOUT_RETURN_TYPE = YES;
				GCC_WARN_UNUSED_VARIABLE = YES;
				IPHONEOS_DEPLOYMENT_TARGET = 5.0;
				SDKROOT = iphoneos;
			};
			name = Debug;
		};
		F5B48A221555960D0090B430 /* Release */ = {
			isa = XCBuildConfiguration;
			buildSettings = {
				ALWAYS_SEARCH_USER_PATHS = NO;
				ARCHS = "$(ARCHS_STANDARD_32_BIT)";
				CLANG_ENABLE_OBJC_ARC = YES;
				"CODE_SIGN_IDENTITY[sdk=iphoneos*]" = "iPhone Developer";
				COPY_PHASE_STRIP = YES;
				GCC_C_LANGUAGE_STANDARD = gnu99;
				GCC_VERSION = com.apple.compilers.llvm.clang.1_0;
				GCC_WARN_ABOUT_MISSING_PROTOTYPES = YES;
				GCC_WARN_ABOUT_RETURN_TYPE = YES;
				GCC_WARN_UNUSED_VARIABLE = YES;
				IPHONEOS_DEPLOYMENT_TARGET = 5.0;
				OTHER_CFLAGS = "-DNS_BLOCK_ASSERTIONS=1";
				SDKROOT = iphoneos;
				VALIDATE_PRODUCT = YES;
			};
			name = Release;
		};
		F5B48A241555960D0090B430 /* Debug */ = {
			isa = XCBuildConfiguration;
			buildSettings = {
				GCC_PRECOMPILE_PREFIX_HEADER = YES;
				GCC_PREFIX_HEADER = "Calculator/Calculator-Prefix.pch";
				INFOPLIST_FILE = "Calculator/Calculator-Info.plist";
				PRODUCT_NAME = "$(TARGET_NAME)";
				WRAPPER_EXTENSION = app;
			};
			name = Debug;
		};
		F5B48A251555960D0090B430 /* Release */ = {
			isa = XCBuildConfiguration;
			buildSettings = {
				GCC_PRECOMPILE_PREFIX_HEADER = YES;
				GCC_PREFIX_HEADER = "Calculator/Calculator-Prefix.pch";
				INFOPLIST_FILE = "Calculator/Calculator-Info.plist";
				PRODUCT_NAME = "$(TARGET_NAME)";
				WRAPPER_EXTENSION = app;
			};
			name = Release;
		};
		F5B48A271555960D0090B430 /* Debug */ = {
			isa = XCBuildConfiguration;
			buildSettings = {
				BUNDLE_LOADER = "$(BUILT_PRODUCTS_DIR)/Calculator.app/Calculator";
				FRAMEWORK_SEARCH_PATHS = (
					"$(SDKROOT)/Developer/Library/Frameworks",
					"$(DEVELOPER_LIBRARY_DIR)/Frameworks",
				);
				GCC_PRECOMPILE_PREFIX_HEADER = YES;
				GCC_PREFIX_HEADER = "Calculator/Calculator-Prefix.pch";
				INFOPLIST_FILE = "CalculatorTests/CalculatorTests-Info.plist";
				PRODUCT_NAME = "$(TARGET_NAME)";
				TEST_HOST = "$(BUNDLE_LOADER)";
				WRAPPER_EXTENSION = octest;
			};
			name = Debug;
		};
		F5B48A281555960D0090B430 /* Release */ = {
			isa = XCBuildConfiguration;
			buildSettings = {
				BUNDLE_LOADER = "$(BUILT_PRODUCTS_DIR)/Calculator.app/Calculator";
				FRAMEWORK_SEARCH_PATHS = (
					"$(SDKROOT)/Developer/Library/Frameworks",
					"$(DEVELOPER_LIBRARY_DIR)/Frameworks",
				);
				GCC_PRECOMPILE_PREFIX_HEADER = YES;
				GCC_PREFIX_HEADER = "Calculator/Calculator-Prefix.pch";
				INFOPLIST_FILE = "CalculatorTests/CalculatorTests-Info.plist";
				PRODUCT_NAME = "$(TARGET_NAME)";
				TEST_HOST = "$(BUNDLE_LOADER)";
				WRAPPER_EXTENSION = octest;
			};
			name = Release;
		};
/* End XCBuildConfiguration section */

/* Begin XCConfigurationList section */
		F5B489EA1555960D0090B430 /* Build configuration list for PBXProject "Calculator" */ = {
			isa = XCConfigurationList;
			buildConfigurations = (
				F5B48A211555960D0090B430 /* Debug */,
				F5B48A221555960D0090B430 /* Release */,
			);
			defaultConfigurationIsVisible = 0;
			defaultConfigurationName = Release;
		};
		F5B48A231555960D0090B430 /* Build configuration list for PBXNativeTarget "Calculator" */ = {
			isa = XCConfigurationList;
			buildConfigurations = (
				F5B48A241555960D0090B430 /* Debug */,
				F5B48A251555960D0090B430 /* Release */,
			);
			defaultConfigurationIsVisible = 0;
			defaultConfigurationName = Release;
		};
		F5B48A261555960D0090B430 /* Build configuration list for PBXNativeTarget "CalculatorTests" */ = {
			isa = XCConfigurationList;
			buildConfigurations = (
				F5B48A271555960D0090B430 /* Debug */,
				F5B48A281555960D0090B430 /* Release */,
			);
			defaultConfigurationIsVisible = 0;
			defaultConfigurationName = Release;
		};
/* End XCConfigurationList section */
	};
	rootObject = F5B489E71555960D0090B430 /* Project object */;
}
